
Microsoft Visual Studio Solution File, Format Version 12.00
# Visual Studio Version 17
VisualStudioVersion = 17.7.34202.233
MinimumVisualStudioVersion = 10.0.40219.1
Project("{FAE04EC0-301F-11D3-BF4B-00C04F79EFBC}") = "Pokemon Wep Api", "Pokemon Wep Api.csproj", "{F4CA5A28-E7B6-4089-AE25-8D8BA0A422FE}"
EndProject
Global
	GlobalSection(SolutionConfigurationPlatforms) = preSolution
		Debug|Any CPU = Debug|Any CPU
		Release|Any CPU = Release|Any CPU
	EndGlobalSection
	GlobalSection(ProjectConfigurationPlatforms) = postSolution
		{F4CA5A28-E7B6-4089-AE25-8D8BA0A422FE}.Debug|Any CPU.ActiveCfg = Debug|Any CPU
		{F4CA5A28-E7B6-4089-AE25-8D8BA0A422FE}.Debug|Any CPU.Build.0 = Debug|Any CPU
		{F4CA5A28-E7B6-4089-AE25-8D8BA0A422FE}.Release|Any CPU.ActiveCfg = Release|Any CPU
		{F4CA5A28-E7B6-4089-AE25-8D8BA0A422FE}.Release|Any CPU.Build.0 = Release|Any CPU
	EndGlobalSection
	GlobalSection(SolutionProperties) = preSolution
		HideSolutionNode = FALSE
	EndGlobalSection
	GlobalSection(ExtensibilityGlobals) = postSolution
		SolutionGuid = {7D51A706-636C-4C0E-B465-955FEAFE7ED1}
	EndGlobalSection
EndGlobal
